
Microsoft Visual Studio Solution File, Format Version 12.00
# Visual Studio 2013
VisualStudioVersion = 12.0.31101.0
MinimumVisualStudioVersion = 10.0.40219.1
Project("{FAE04EC0-301F-11D3-BF4B-00C04F79EFBC}") = "ThePantry", "ThePantry\ThePantry.csproj", "{2AF81AC2-A5FE-4CF9-98F0-5C8ED3DF633F}"
EndProject
Project("{FAE04EC0-301F-11D3-BF4B-00C04F79EFBC}") = "ThePantry.Tests", "ThePantry.Tests\ThePantry.Tests.csproj", "{DAFBBA85-DC16-42AF-BB1B-6F3250D43E0B}"
EndProject
Global
	GlobalSection(SolutionConfigurationPlatforms) = preSolution
		Debug|Any CPU = Debug|Any CPU
		Release|Any CPU = Release|Any CPU
	EndGlobalSection
	GlobalSection(ProjectConfigurationPlatforms) = postSolution
		{2AF81AC2-A5FE-4CF9-98F0-5C8ED3DF633F}.Debug|Any CPU.ActiveCfg = Debug|Any CPU
		{2AF81AC2-A5FE-4CF9-98F0-5C8ED3DF633F}.Debug|Any CPU.Build.0 = Debug|Any CPU
		{2AF81AC2-A5FE-4CF9-98F0-5C8ED3DF633F}.Release|Any CPU.ActiveCfg = Release|Any CPU
		{2AF81AC2-A5FE-4CF9-98F0-5C8ED3DF633F}.Release|Any CPU.Build.0 = Release|Any CPU
		{DAFBBA85-DC16-42AF-BB1B-6F3250D43E0B}.Debug|Any CPU.ActiveCfg = Debug|Any CPU
		{DAFBBA85-DC16-42AF-BB1B-6F3250D43E0B}.Debug|Any CPU.Build.0 = Debug|Any CPU
		{DAFBBA85-DC16-42AF-BB1B-6F3250D43E0B}.Release|Any CPU.ActiveCfg = Release|Any CPU
		{DAFBBA85-DC16-42AF-BB1B-6F3250D43E0B}.Release|Any CPU.Build.0 = Release|Any CPU
	EndGlobalSection
	GlobalSection(SolutionProperties) = preSolution
		HideSolutionNode = FALSE
	EndGlobalSection
EndGlobal
